
Microsoft Visual Studio Solution File, Format Version 12.00
Project("{FAE04EC0-301F-11D3-BF4B-00C04F79EFBC}") = "Blazor.Tailwind", "Blazor.Tailwind.csproj", "{C672E23A-386B-41F7-BE86-1DB0875FD50D}"
EndProject
Global
	GlobalSection(SolutionConfigurationPlatforms) = preSolution
		Debug|Any CPU = Debug|Any CPU
		Release|Any CPU = Release|Any CPU
	EndGlobalSection
	GlobalSection(ProjectConfigurationPlatforms) = postSolution
		{C672E23A-386B-41F7-BE86-1DB0875FD50D}.Debug|Any CPU.ActiveCfg = Debug|Any CPU
		{C672E23A-386B-41F7-BE86-1DB0875FD50D}.Debug|Any CPU.Build.0 = Debug|Any CPU
		{C672E23A-386B-41F7-BE86-1DB0875FD50D}.Release|Any CPU.ActiveCfg = Release|Any CPU
		{C672E23A-386B-41F7-BE86-1DB0875FD50D}.Release|Any CPU.Build.0 = Release|Any CPU
	EndGlobalSection
EndGlobal
